
Microsoft Visual Studio Solution File, Format Version 12.00
# Visual Studio Version 16
VisualStudioVersion = 16.0.31911.196
MinimumVisualStudioVersion = 10.0.40219.1
Project("{FAE04EC0-301F-11D3-BF4B-00C04F79EFBC}") = "ElectricityNoWires", "ElectricityNoWires.csproj", "{311E06A8-214A-4F90-90B0-51B9A4146F32}"
EndProject
Global
	GlobalSection(SolutionConfigurationPlatforms) = preSolution
		Debug|Any CPU = Debug|Any CPU
		Release|Any CPU = Release|Any CPU
	EndGlobalSection
	GlobalSection(ProjectConfigurationPlatforms) = postSolution
		{311E06A8-214A-4F90-90B0-51B9A4146F32}.Debug|Any CPU.ActiveCfg = Debug|Any CPU
		{311E06A8-214A-4F90-90B0-51B9A4146F32}.Debug|Any CPU.Build.0 = Debug|Any CPU
		{311E06A8-214A-4F90-90B0-51B9A4146F32}.Release|Any CPU.ActiveCfg = Release|Any CPU
		{311E06A8-214A-4F90-90B0-51B9A4146F32}.Release|Any CPU.Build.0 = Release|Any CPU
	EndGlobalSection
	GlobalSection(SolutionProperties) = preSolution
		HideSolutionNode = FALSE
	EndGlobalSection
	GlobalSection(ExtensibilityGlobals) = postSolution
		SolutionGuid = {B8440C4B-7AEF-4B35-8E22-CCC13972A37C}
	EndGlobalSection
EndGlobal
